
Microsoft Visual Studio Solution File, Format Version 12.00
# Visual Studio Version 16
VisualStudioVersion = 16.0.31702.278
MinimumVisualStudioVersion = 10.0.40219.1
Project("{FAE04EC0-301F-11D3-BF4B-00C04F79EFBC}") = "API", "API\API.csproj", "{53550713-D2F7-41FC-8069-85F46E622C75}"
EndProject
Project("{FAE04EC0-301F-11D3-BF4B-00C04F79EFBC}") = "Domain", "Domain\Domain.csproj", "{E018FC90-DC83-4E99-9E89-9ECE9323D9CF}"
EndProject
Project("{FAE04EC0-301F-11D3-BF4B-00C04F79EFBC}") = "Application", "Application\Application.csproj", "{CD4F9997-EAE9-41D7-9830-9879930F301D}"
EndProject
Project("{FAE04EC0-301F-11D3-BF4B-00C04F79EFBC}") = "Persistance", "Persistance\Persistance.csproj", "{FEE673F0-D653-4A0B-952C-CE70A11923EA}"
EndProject
Global
	GlobalSection(SolutionConfigurationPlatforms) = preSolution
		Debug|Any CPU = Debug|Any CPU
		Release|Any CPU = Release|Any CPU
	EndGlobalSection
	GlobalSection(ProjectConfigurationPlatforms) = postSolution
		{53550713-D2F7-41FC-8069-85F46E622C75}.Debug|Any CPU.ActiveCfg = Debug|Any CPU
		{53550713-D2F7-41FC-8069-85F46E622C75}.Debug|Any CPU.Build.0 = Debug|Any CPU
		{53550713-D2F7-41FC-8069-85F46E622C75}.Release|Any CPU.ActiveCfg = Release|Any CPU
		{53550713-D2F7-41FC-8069-85F46E622C75}.Release|Any CPU.Build.0 = Release|Any CPU
		{E018FC90-DC83-4E99-9E89-9ECE9323D9CF}.Debug|Any CPU.ActiveCfg = Debug|Any CPU
		{E018FC90-DC83-4E99-9E89-9ECE9323D9CF}.Debug|Any CPU.Build.0 = Debug|Any CPU
		{E018FC90-DC83-4E99-9E89-9ECE9323D9CF}.Release|Any CPU.ActiveCfg = Release|Any CPU
		{E018FC90-DC83-4E99-9E89-9ECE9323D9CF}.Release|Any CPU.Build.0 = Release|Any CPU
		{CD4F9997-EAE9-41D7-9830-9879930F301D}.Debug|Any CPU.ActiveCfg = Debug|Any CPU
		{CD4F9997-EAE9-41D7-9830-9879930F301D}.Debug|Any CPU.Build.0 = Debug|Any CPU
		{CD4F9997-EAE9-41D7-9830-9879930F301D}.Release|Any CPU.ActiveCfg = Release|Any CPU
		{CD4F9997-EAE9-41D7-9830-9879930F301D}.Release|Any CPU.Build.0 = Release|Any CPU
		{FEE673F0-D653-4A0B-952C-CE70A11923EA}.Debug|Any CPU.ActiveCfg = Debug|Any CPU
		{FEE673F0-D653-4A0B-952C-CE70A11923EA}.Debug|Any CPU.Build.0 = Debug|Any CPU
		{FEE673F0-D653-4A0B-952C-CE70A11923EA}.Release|Any CPU.ActiveCfg = Release|Any CPU
		{FEE673F0-D653-4A0B-952C-CE70A11923EA}.Release|Any CPU.Build.0 = Release|Any CPU
	EndGlobalSection
	GlobalSection(SolutionProperties) = preSolution
		HideSolutionNode = FALSE
	EndGlobalSection
	GlobalSection(ExtensibilityGlobals) = postSolution
		SolutionGuid = {29D86427-1276-4429-9D0E-F579BBA6128C}
	EndGlobalSection
EndGlobal
