
Microsoft Visual Studio Solution File, Format Version 12.00
# Visual Studio Version 17
VisualStudioVersion = 17.1.31911.260
MinimumVisualStudioVersion = 10.0.40219.1
Project("{9A19103F-16F7-4668-BE54-9A1E7A4F7556}") = "RealworldApp.Server", "Server\RealworldApp.Server.csproj", "{3FF3E3D4-13AF-4B0C-B527-C8C1570DDB06}"
EndProject
Project("{9A19103F-16F7-4668-BE54-9A1E7A4F7556}") = "RealworldApp.Client", "Client\RealworldApp.Client.csproj", "{8DFB74F3-EC9D-404A-9DA2-29186AC328E0}"
EndProject
Project("{9A19103F-16F7-4668-BE54-9A1E7A4F7556}") = "RealworldApp.Shared", "Shared\RealworldApp.Shared.csproj", "{597B95E9-A0C3-43CE-93DA-17D0D799CC59}"
EndProject
Project("{9A19103F-16F7-4668-BE54-9A1E7A4F7556}") = "RealworldApp.Api.Model", "RealworldApp.Api.Model\RealworldApp.Api.Model.csproj", "{FEEFF5AC-D279-47CA-8A1D-0F58AE8D5CEC}"
EndProject
Project("{9A19103F-16F7-4668-BE54-9A1E7A4F7556}") = "RealworldApp.Data.Model", "RealworldApp.Data.Model\RealworldApp.Data.Model.csproj", "{6190B686-BA7B-4F0F-B2CE-ABD853849423}"
EndProject
Project("{FAE04EC0-301F-11D3-BF4B-00C04F79EFBC}") = "RealworldApp.Data.Access", "RealworldApp.Data.Access\RealworldApp.Data.Access.csproj", "{38BD455A-ED07-4996-A94F-22485A26C5E9}"
EndProject
Global
	GlobalSection(SolutionConfigurationPlatforms) = preSolution
		Debug|Any CPU = Debug|Any CPU
		Release|Any CPU = Release|Any CPU
	EndGlobalSection
	GlobalSection(ProjectConfigurationPlatforms) = postSolution
		{3FF3E3D4-13AF-4B0C-B527-C8C1570DDB06}.Debug|Any CPU.ActiveCfg = Debug|Any CPU
		{3FF3E3D4-13AF-4B0C-B527-C8C1570DDB06}.Debug|Any CPU.Build.0 = Debug|Any CPU
		{3FF3E3D4-13AF-4B0C-B527-C8C1570DDB06}.Release|Any CPU.ActiveCfg = Release|Any CPU
		{3FF3E3D4-13AF-4B0C-B527-C8C1570DDB06}.Release|Any CPU.Build.0 = Release|Any CPU
		{8DFB74F3-EC9D-404A-9DA2-29186AC328E0}.Debug|Any CPU.ActiveCfg = Debug|Any CPU
		{8DFB74F3-EC9D-404A-9DA2-29186AC328E0}.Debug|Any CPU.Build.0 = Debug|Any CPU
		{8DFB74F3-EC9D-404A-9DA2-29186AC328E0}.Release|Any CPU.ActiveCfg = Release|Any CPU
		{8DFB74F3-EC9D-404A-9DA2-29186AC328E0}.Release|Any CPU.Build.0 = Release|Any CPU
		{597B95E9-A0C3-43CE-93DA-17D0D799CC59}.Debug|Any CPU.ActiveCfg = Debug|Any CPU
		{597B95E9-A0C3-43CE-93DA-17D0D799CC59}.Debug|Any CPU.Build.0 = Debug|Any CPU
		{597B95E9-A0C3-43CE-93DA-17D0D799CC59}.Release|Any CPU.ActiveCfg = Release|Any CPU
		{597B95E9-A0C3-43CE-93DA-17D0D799CC59}.Release|Any CPU.Build.0 = Release|Any CPU
		{FEEFF5AC-D279-47CA-8A1D-0F58AE8D5CEC}.Debug|Any CPU.ActiveCfg = Debug|Any CPU
		{FEEFF5AC-D279-47CA-8A1D-0F58AE8D5CEC}.Debug|Any CPU.Build.0 = Debug|Any CPU
		{FEEFF5AC-D279-47CA-8A1D-0F58AE8D5CEC}.Release|Any CPU.ActiveCfg = Release|Any CPU
		{FEEFF5AC-D279-47CA-8A1D-0F58AE8D5CEC}.Release|Any CPU.Build.0 = Release|Any CPU
		{6190B686-BA7B-4F0F-B2CE-ABD853849423}.Debug|Any CPU.ActiveCfg = Debug|Any CPU
		{6190B686-BA7B-4F0F-B2CE-ABD853849423}.Debug|Any CPU.Build.0 = Debug|Any CPU
		{6190B686-BA7B-4F0F-B2CE-ABD853849423}.Release|Any CPU.ActiveCfg = Release|Any CPU
		{6190B686-BA7B-4F0F-B2CE-ABD853849423}.Release|Any CPU.Build.0 = Release|Any CPU
		{38BD455A-ED07-4996-A94F-22485A26C5E9}.Debug|Any CPU.ActiveCfg = Debug|Any CPU
		{38BD455A-ED07-4996-A94F-22485A26C5E9}.Debug|Any CPU.Build.0 = Debug|Any CPU
		{38BD455A-ED07-4996-A94F-22485A26C5E9}.Release|Any CPU.ActiveCfg = Release|Any CPU
		{38BD455A-ED07-4996-A94F-22485A26C5E9}.Release|Any CPU.Build.0 = Release|Any CPU
	EndGlobalSection
	GlobalSection(SolutionProperties) = preSolution
		HideSolutionNode = FALSE
	EndGlobalSection
	GlobalSection(ExtensibilityGlobals) = postSolution
		SolutionGuid = {292BA250-864B-489B-A97C-F477142068BE}
	EndGlobalSection
EndGlobal
